
Microsoft Visual Studio Solution File, Format Version 12.00
# Visual Studio Version 16
VisualStudioVersion = 16.0.29911.84
MinimumVisualStudioVersion = 10.0.40219.1
Project("{FAE04EC0-301F-11D3-BF4B-00C04F79EFBC}") = "GetTableFromMail", "GetTableFromMail.csproj", "{DADE65C8-A311-4E95-ADD2-5E1D0F724E9B}"
EndProject
Global
	GlobalSection(SolutionConfigurationPlatforms) = preSolution
		Debug|Any CPU = Debug|Any CPU
		Release|Any CPU = Release|Any CPU
	EndGlobalSection
	GlobalSection(ProjectConfigurationPlatforms) = postSolution
		{DADE65C8-A311-4E95-ADD2-5E1D0F724E9B}.Debug|Any CPU.ActiveCfg = Debug|Any CPU
		{DADE65C8-A311-4E95-ADD2-5E1D0F724E9B}.Debug|Any CPU.Build.0 = Debug|Any CPU
		{DADE65C8-A311-4E95-ADD2-5E1D0F724E9B}.Release|Any CPU.ActiveCfg = Release|Any CPU
		{DADE65C8-A311-4E95-ADD2-5E1D0F724E9B}.Release|Any CPU.Build.0 = Release|Any CPU
	EndGlobalSection
	GlobalSection(SolutionProperties) = preSolution
		HideSolutionNode = FALSE
	EndGlobalSection
	GlobalSection(ExtensibilityGlobals) = postSolution
		SolutionGuid = {4B942FE1-F527-4BFB-8DC7-2E63E372ADFC}
	EndGlobalSection
EndGlobal
