
Microsoft Visual Studio Solution File, Format Version 12.00
# Visual Studio Version 16
VisualStudioVersion = 16.0.29911.84
MinimumVisualStudioVersion = 10.0.40219.1
Project("{FAE04EC0-301F-11D3-BF4B-00C04F79EFBC}") = "MultiLocationZip", "MultiLocationZip.csproj", "{3392625F-22AF-4D29-A99A-54D0F27DBFD4}"
EndProject
Global
	GlobalSection(SolutionConfigurationPlatforms) = preSolution
		Debug|Any CPU = Debug|Any CPU
		Release|Any CPU = Release|Any CPU
	EndGlobalSection
	GlobalSection(ProjectConfigurationPlatforms) = postSolution
		{3392625F-22AF-4D29-A99A-54D0F27DBFD4}.Debug|Any CPU.ActiveCfg = Debug|Any CPU
		{3392625F-22AF-4D29-A99A-54D0F27DBFD4}.Debug|Any CPU.Build.0 = Debug|Any CPU
		{3392625F-22AF-4D29-A99A-54D0F27DBFD4}.Release|Any CPU.ActiveCfg = Release|Any CPU
		{3392625F-22AF-4D29-A99A-54D0F27DBFD4}.Release|Any CPU.Build.0 = Release|Any CPU
	EndGlobalSection
	GlobalSection(SolutionProperties) = preSolution
		HideSolutionNode = FALSE
	EndGlobalSection
	GlobalSection(ExtensibilityGlobals) = postSolution
		SolutionGuid = {EF099915-BFD3-4885-95D0-9B9504637DCF}
	EndGlobalSection
EndGlobal
